<Solution>
  <Folder Name="/Task0/">
    <Project Path="Tyuiu.SadykovSV.Sprint0.Task0.V0/Tyuiu.SadykovSV.Sprint0.Task0.V0.csproj" />
  </Folder>
  <Folder Name="/Task1/">
    <Project Path="Tyuiu.SadykovSV.Sprint0.Task1.V0/Tyuiu.SadykovSV.Sprint0.Task1.V0.csproj" />
  </Folder>
  <Folder Name="/Task2/">
    <Project Path="Tyuiu.SadykovSV.Sprint0.Task2.V0.Lib/Tyuiu.SadykovSV.Sprint0.Task2.V0.Lib.csproj" Id="6b2ae8e9-04ca-40ab-b6d1-9407087fd4e7" />
    <Project Path="Tyuiu.SadykovSV.Sprint0.Task2.V0.Test/Tyuiu.SadykovSV.Sprint0.Task2.V0.Test.csproj" Id="5fa3454b-fe33-4c47-86b4-aae4907da5bd" />
    <Project Path="Tyuiu.SadykovSV.Sprint0.Task2.V0/Tyuiu.SadykovSV.Sprint0.Task2.V0.csproj" Id="5fe20a4a-2952-461e-98f0-398defaa3364" />
  </Folder>
  <Folder Name="/Task3/">
    <Project Path="Tyuiu.SadykovSV.Sprint0.Task3.V0.Lib/Tyuiu.SadykovSV.Sprint0.Task3.V0.Lib.csproj" Id="0ff6ad5d-70fd-4bc0-afd1-9f7b4e9efeef" />
    <Project Path="Tyuiu.SadykovSV.Sprint0.Task3.V0.Test/Tyuiu.SadykovSV.Sprint0.Task3.V0.Test.csproj" Id="b833056e-9d7e-49d9-bc2b-29a53e2e3ef1" />
    <Project Path="Tyuiu.SadykovSV.Sprint0.Task3.V0/Tyuiu.SadykovSV.Sprint0.Task3.V0.csproj" Id="d7e99163-9e2e-4524-83fc-2d761f8b9840" />
  </Folder>
</Solution>
