<Solution>
  <Folder Name="/Task0/">
    <Project Path="Tyuiu.SadykovSV.Sprint0.Task0.V0/Tyuiu.SadykovSV.Sprint0.Task0.V0.csproj" />
  </Folder>
  <Folder Name="/Task1/">
    <Project Path="Tyuiu.SadykovSV.Sprint0.Task1.V0/Tyuiu.SadykovSV.Sprint0.Task1.V0.csproj" />
  </Folder>
  <Folder Name="/Task2/">
    <Project Path="Tyuiu.SadykovSV.Sprint0.Task2.V0.Lib/Tyuiu.SadykovSV.Sprint0.Task2.V0.Lib.csproj" Id="6b2ae8e9-04ca-40ab-b6d1-9407087fd4e7" />
    <Project Path="Tyuiu.SadykovSV.Sprint0.Task2.V0.Test/Tyuiu.SadykovSV.Sprint0.Task2.V0.Test.csproj" Id="5fa3454b-fe33-4c47-86b4-aae4907da5bd" />
    <Project Path="Tyuiu.SadykovSV.Sprint0.Task2.V0/Tyuiu.SadykovSV.Sprint0.Task2.V0.csproj" Id="5fe20a4a-2952-461e-98f0-398defaa3364" />
  </Folder>
  <Folder Name="/Task3/">
    <Project Path="Tyuiu.SadykovSV.Sprint0.Task3.V0.Lib/Tyuiu.SadykovSV.Sprint0.Task3.V0.Lib.csproj" Id="0ff6ad5d-70fd-4bc0-afd1-9f7b4e9efeef" />
    <Project Path="Tyuiu.SadykovSV.Sprint0.Task3.V0.Test/Tyuiu.SadykovSV.Sprint0.Task3.V0.Test.csproj" Id="b833056e-9d7e-49d9-bc2b-29a53e2e3ef1" />
    <Project Path="Tyuiu.SadykovSV.Sprint0.Task3.V0/Tyuiu.SadykovSV.Sprint0.Task3.V0.csproj" Id="d7e99163-9e2e-4524-83fc-2d761f8b9840" />
  </Folder>
  <Folder Name="/Task4/">
    <Project Path="Tyuiu.SadykovSV.Sprint0.Task4.V0.Lib/Tyuiu.SadykovSV.Sprint0.Task4.V0.Lib.csproj" Id="ffbd3800-c404-4bc7-ae3b-9d2b40cc810d" />
    <Project Path="Tyuiu.SadykovSV.Sprint0.Task4.V0.Test/Tyuiu.SadykovSV.Sprint0.Task4.V0.Test.csproj" Id="83d9dd5c-e2ea-464e-8a0b-cef31a1c8d3b" />
    <Project Path="Tyuiu.SadykovSV.Sprint0.Task4.V0/Tyuiu.SadykovSV.Sprint0.Task4.V0.csproj" Id="b63a0e2d-7768-4f7d-a983-be2ed8d81d84" />
  </Folder>
  <Folder Name="/Task5/">
    <Project Path="Tyuiu.SadykovSV.Sprint0.Task5.V0.Lib/Tyuiu.SadykovSV.Sprint0.Task5.V0.Lib.csproj" Id="4c93b6c0-b25c-42c3-9c22-dde8d91d754f" />
    <Project Path="Tyuiu.SadykovSV.Sprint0.Task5.V0.Test/Tyuiu.SadykovSV.Sprint0.Task5.V0.Test.csproj" Id="87d5a465-bd1f-4f6e-a665-70b48327dd93" />
    <Project Path="Tyuiu.SadykovSV.Sprint0.Task5.V0/Tyuiu.SadykovSV.Sprint0.Task5.V0.csproj" Id="7d2e5f09-be33-430f-82c6-7f9cac7e89b4" />
  </Folder>
  <Folder Name="/Task6/">
    <Project Path="Tyuiu.SadykovSV.Sprint0.Task6.V0.Lib/Tyuiu.SadykovSV.Sprint0.Task6.V0.Lib.csproj" Id="bd7f7af9-a968-4559-b0f2-a4d9227ae6cd" />
    <Project Path="Tyuiu.SadykovSV.Sprint0.Task6.V0.Test/Tyuiu.SadykovSV.Sprint0.Task6.V0.Test.csproj" Id="f8112ffd-e91c-431e-8610-ef527e138fa4" />
    <Project Path="Tyuiu.SadykovSV.Sprint0.Task6.V0/Tyuiu.SadykovSV.Sprint0.Task6.V0.csproj" Id="219e3dfb-4029-4239-abdb-24cf6b399095" />
  </Folder>
  <Folder Name="/Task7/">
    <Project Path="Tyuiu.SadykovSV.Sprint0.Task7.V0.Lib/Tyuiu.SadykovSV.Sprint0.Task7.V0.Lib.csproj" Id="47b28950-5b8b-452f-b432-a3b992029d2f" />
    <Project Path="Tyuiu.SadykovSV.Sprint0.Task7.V0.Test/Tyuiu.SadykovSV.Sprint0.Task7.V0.Test.csproj" Id="b2f85772-4f4e-4561-94cb-cb09d748ad24" />
    <Project Path="Tyuiu.SadykovSV.Sprint0.Task7.V0/Tyuiu.SadykovSV.Sprint0.Task7.V0.csproj" Id="211653fb-841d-44ca-adb8-eb30fdd5499b" />
  </Folder>
</Solution>
